// !$*UTF8*$!
{
	archiveVersion = 1;
	classes = {
	};
	objectVersion = 46;
	objects = {

/* Begin PBXBuildFile section */
		452782501C0BB91B002C97C4 /* main.m in Sources */ = {isa = PBXBuildFile; fileRef = 4527824F1C0BB91B002C97C4 /* main.m */; };
		452782531C0BB91B002C97C4 /* AppDelegate.m in Sources */ = {isa = PBXBuildFile; fileRef = 452782521C0BB91B002C97C4 /* AppDelegate.m */; };
		452782561C0BB91B002C97C4 /* ViewController.m in Sources */ = {isa = PBXBuildFile; fileRef = 452782551C0BB91B002C97C4 /* ViewController.m */; };
		452782591C0BB91B002C97C4 /* Main.storyboard in Resources */ = {isa = PBXBuildFile; fileRef = 452782571C0BB91B002C97C4 /* Main.storyboard */; };
		4527825B1C0BB91B002C97C4 /* Assets.xcassets in Resources */ = {isa = PBXBuildFile; fileRef = 4527825A1C0BB91B002C97C4 /* Assets.xcassets */; };
		4527825E1C0BB91B002C97C4 /* LaunchScreen.storyboard in Resources */ = {isa = PBXBuildFile; fileRef = 4527825C1C0BB91B002C97C4 /* LaunchScreen.storyboard */; };
		452782691C0BB91B002C97C4 /* ShipsTests.m in Sources */ = {isa = PBXBuildFile; fileRef = 452782681C0BB91B002C97C4 /* ShipsTests.m */; };
		452782741C0BB91B002C97C4 /* ShipsUITests.m in Sources */ = {isa = PBXBuildFile; fileRef = 452782731C0BB91B002C97C4 /* ShipsUITests.m */; };
/* End PBXBuildFile section */

/* Begin PBXContainerItemProxy section */
		452782651C0BB91B002C97C4 /* PBXContainerItemProxy */ = {
			isa = PBXContainerItemProxy;
			containerPortal = 452782431C0BB91A002C97C4 /* Project object */;
			proxyType = 1;
			remoteGlobalIDString = 4527824A1C0BB91B002C97C4;
			remoteInfo = Ships;
		};
		452782701C0BB91B002C97C4 /* PBXContainerItemProxy */ = {
			isa = PBXContainerItemProxy;
			containerPortal = 452782431C0BB91A002C97C4 /* Project object */;
			proxyType = 1;
			remoteGlobalIDString = 4527824A1C0BB91B002C97C4;
			remoteInfo = Ships;
		};
/* End PBXContainerItemProxy section */

/* Begin PBXFileReference section */
		4527824B1C0BB91B002C97C4 /* Ships.app */ = {isa = PBXFileReference; explicitFileType = wrapper.application; includeInIndex = 0; path = Ships.app; sourceTree = BUILT_PRODUCTS_DIR; };
		4527824F1C0BB91B002C97C4 /* main.m */ = {isa = PBXFileReference; lastKnownFileType = sourcecode.c.objc; path = main.m; sourceTree = "<group>"; };
		452782511C0BB91B002C97C4 /* AppDelegate.h */ = {isa = PBXFileReference; lastKnownFileType = sourcecode.c.h; path = AppDelegate.h; sourceTree = "<group>"; };
		452782521C0BB91B002C97C4 /* AppDelegate.m */ = {isa = PBXFileReference; lastKnownFileType = sourcecode.c.objc; path = AppDelegate.m; sourceTree = "<group>"; };
		452782541C0BB91B002C97C4 /* ViewController.h */ = {isa = PBXFileReference; lastKnownFileType = sourcecode.c.h; path = ViewController.h; sourceTree = "<group>"; };
		452782551C0BB91B002C97C4 /* ViewController.m */ = {isa = PBXFileReference; lastKnownFileType = sourcecode.c.objc; path = ViewController.m; sourceTree = "<group>"; };
		452782581C0BB91B002C97C4 /* Base */ = {isa = PBXFileReference; lastKnownFileType = file.storyboard; name = Base; path = Base.lproj/Main.storyboard; sourceTree = "<group>"; };
		4527825A1C0BB91B002C97C4 /* Assets.xcassets */ = {isa = PBXFileReference; lastKnownFileType = folder.assetcatalog; path = Assets.xcassets; sourceTree = "<group>"; };
		4527825D1C0BB91B002C97C4 /* Base */ = {isa = PBXFileReference; lastKnownFileType = file.storyboard; name = Base; path = Base.lproj/LaunchScreen.storyboard; sourceTree = "<group>"; };
		4527825F1C0BB91B002C97C4 /* Info.plist */ = {isa = PBXFileReference; lastKnownFileType = text.plist.xml; path = Info.plist; sourceTree = "<group>"; };
		452782641C0BB91B002C97C4 /* ShipsTests.xctest */ = {isa = PBXFileReference; explicitFileType = wrapper.cfbundle; includeInIndex = 0; path = ShipsTests.xctest; sourceTree = BUILT_PRODUCTS_DIR; };
		452782681C0BB91B002C97C4 /* ShipsTests.m */ = {isa = PBXFileReference; lastKnownFileType = sourcecode.c.objc; path = ShipsTests.m; sourceTree = "<group>"; };
		4527826A1C0BB91B002C97C4 /* Info.plist */ = {isa = PBXFileReference; lastKnownFileType = text.plist.xml; path = Info.plist; sourceTree = "<group>"; };
		4527826F1C0BB91B002C97C4 /* ShipsUITests.xctest */ = {isa = PBXFileReference; explicitFileType = wrapper.cfbundle; includeInIndex = 0; path = ShipsUITests.xctest; sourceTree = BUILT_PRODUCTS_DIR; };
		452782731C0BB91B002C97C4 /* ShipsUITests.m */ = {isa = PBXFileReference; lastKnownFileType = sourcecode.c.objc; path = ShipsUITests.m; sourceTree = "<group>"; };
		452782751C0BB91B002C97C4 /* Info.plist */ = {isa = PBXFileReference; lastKnownFileType = text.plist.xml; path = Info.plist; sourceTree = "<group>"; };
/* End PBXFileReference section */

/* Begin PBXFrameworksBuildPhase section */
		452782481C0BB91B002C97C4 /* Frameworks */ = {
			isa = PBXFrameworksBuildPhase;
			buildActionMask = 2147483647;
			files = (
			);
			runOnlyForDeploymentPostprocessing = 0;
		};
		452782611C0BB91B002C97C4 /* Frameworks */ = {
			isa = PBXFrameworksBuildPhase;
			buildActionMask = 2147483647;
			files = (
			);
			runOnlyForDeploymentPostprocessing = 0;
		};
		4527826C1C0BB91B002C97C4 /* Frameworks */ = {
			isa = PBXFrameworksBuildPhase;
			buildActionMask = 2147483647;
			files = (
			);
			runOnlyForDeploymentPostprocessing = 0;
		};
/* End PBXFrameworksBuildPhase section */

/* Begin PBXGroup section */
		452782421C0BB91A002C97C4 = {
			isa = PBXGroup;
			children = (
				4527824D1C0BB91B002C97C4 /* Ships */,
				452782671C0BB91B002C97C4 /* ShipsTests */,
				452782721C0BB91B002C97C4 /* ShipsUITests */,
				4527824C1C0BB91B002C97C4 /* Products */,
			);
			sourceTree = "<group>";
		};
		4527824C1C0BB91B002C97C4 /* Products */ = {
			isa = PBXGroup;
			children = (
				4527824B1C0BB91B002C97C4 /* Ships.app */,
				452782641C0BB91B002C97C4 /* ShipsTests.xctest */,
				4527826F1C0BB91B002C97C4 /* ShipsUITests.xctest */,
			);
			name = Products;
			sourceTree = "<group>";
		};
		4527824D1C0BB91B002C97C4 /* Ships */ = {
			isa = PBXGroup;
			children = (
				452782511C0BB91B002C97C4 /* AppDelegate.h */,
				452782521C0BB91B002C97C4 /* AppDelegate.m */,
				452782541C0BB91B002C97C4 /* ViewController.h */,
				452782551C0BB91B002C97C4 /* ViewController.m */,
				452782571C0BB91B002C97C4 /* Main.storyboard */,
				4527825A1C0BB91B002C97C4 /* Assets.xcassets */,
				4527825C1C0BB91B002C97C4 /* LaunchScreen.storyboard */,
				4527825F1C0BB91B002C97C4 /* Info.plist */,
				4527824E1C0BB91B002C97C4 /* Supporting Files */,
			);
			path = Ships;
			sourceTree = "<group>";
		};
		4527824E1C0BB91B002C97C4 /* Supporting Files */ = {
			isa = PBXGroup;
			children = (
				4527824F1C0BB91B002C97C4 /* main.m */,
			);
			name = "Supporting Files";
			sourceTree = "<group>";
		};
		452782671C0BB91B002C97C4 /* ShipsTests */ = {
			isa = PBXGroup;
			children = (
				452782681C0BB91B002C97C4 /* ShipsTests.m */,
				4527826A1C0BB91B002C97C4 /* Info.plist */,
			);
			path = ShipsTests;
			sourceTree = "<group>";
		};
		452782721C0BB91B002C97C4 /* ShipsUITests */ = {
			isa = PBXGroup;
			children = (
				452782731C0BB91B002C97C4 /* ShipsUITests.m */,
				452782751C0BB91B002C97C4 /* Info.plist */,
			);
			path = ShipsUITests;
			sourceTree = "<group>";
		};
/* End PBXGroup section */

/* Begin PBXNativeTarget section */
		4527824A1C0BB91B002C97C4 /* Ships */ = {
			isa = PBXNativeTarget;
			buildConfigurationList = 452782781C0BB91B002C97C4 /* Build configuration list for PBXNativeTarget "Ships" */;
			buildPhases = (
				452782471C0BB91B002C97C4 /* Sources */,
				452782481C0BB91B002C97C4 /* Frameworks */,
				452782491C0BB91B002C97C4 /* Resources */,
			);
			buildRules = (
			);
			dependencies = (
			);
			name = Ships;
			productName = Ships;
			productReference = 4527824B1C0BB91B002C97C4 /* Ships.app */;
			productType = "com.apple.product-type.application";
		};
		452782631C0BB91B002C97C4 /* ShipsTests */ = {
			isa = PBXNativeTarget;
			buildConfigurationList = 4527827B1C0BB91B002C97C4 /* Build configuration list for PBXNativeTarget "ShipsTests" */;
			buildPhases = (
				452782601C0BB91B002C97C4 /* Sources */,
				452782611C0BB91B002C97C4 /* Frameworks */,
				452782621C0BB91B002C97C4 /* Resources */,
			);
			buildRules = (
			);
			dependencies = (
				452782661C0BB91B002C97C4 /* PBXTargetDependency */,
			);
			name = ShipsTests;
			productName = ShipsTests;
			productReference = 452782641C0BB91B002C97C4 /* ShipsTests.xctest */;
			productType = "com.apple.product-type.bundle.unit-test";
		};
		4527826E1C0BB91B002C97C4 /* ShipsUITests */ = {
			isa = PBXNativeTarget;
			buildConfigurationList = 4527827E1C0BB91B002C97C4 /* Build configuration list for PBXNativeTarget "ShipsUITests" */;
			buildPhases = (
				4527826B1C0BB91B002C97C4 /* Sources */,
				4527826C1C0BB91B002C97C4 /* Frameworks */,
				4527826D1C0BB91B002C97C4 /* Resources */,
			);
			buildRules = (
			);
			dependencies = (
				452782711C0BB91B002C97C4 /* PBXTargetDependency */,
			);
			name = ShipsUITests;
			productName = ShipsUITests;
			productReference = 4527826F1C0BB91B002C97C4 /* ShipsUITests.xctest */;
			productType = "com.apple.product-type.bundle.ui-testing";
		};
/* End PBXNativeTarget section */

/* Begin PBXProject section */
		452782431C0BB91A002C97C4 /* Project object */ = {
			isa = PBXProject;
			attributes = {
				LastUpgradeCheck = 0710;
				ORGANIZATIONNAME = "Chris David";
				TargetAttributes = {
					4527824A1C0BB91B002C97C4 = {
						CreatedOnToolsVersion = 7.1.1;
					};
					452782631C0BB91B002C97C4 = {
						CreatedOnToolsVersion = 7.1.1;
						TestTargetID = 4527824A1C0BB91B002C97C4;
					};
					4527826E1C0BB91B002C97C4 = {
						CreatedOnToolsVersion = 7.1.1;
						TestTargetID = 4527824A1C0BB91B002C97C4;
					};
				};
			};
			buildConfigurationList = 452782461C0BB91A002C97C4 /* Build configuration list for PBXProject "Ships" */;
			compatibilityVersion = "Xcode 3.2";
			developmentRegion = English;
			hasScannedForEncodings = 0;
			knownRegions = (
				en,
				Base,
			);
			mainGroup = 452782421C0BB91A002C97C4;
			productRefGroup = 4527824C1C0BB91B002C97C4 /* Products */;
			projectDirPath = "";
			projectRoot = "";
			targets = (
				4527824A1C0BB91B002C97C4 /* Ships */,
				452782631C0BB91B002C97C4 /* ShipsTests */,
				4527826E1C0BB91B002C97C4 /* ShipsUITests */,
			);
		};
/* End PBXProject section */

/* Begin PBXResourcesBuildPhase section */
		452782491C0BB91B002C97C4 /* Resources */ = {
			isa = PBXResourcesBuildPhase;
			buildActionMask = 2147483647;
			files = (
				4527825E1C0BB91B002C97C4 /* LaunchScreen.storyboard in Resources */,
				4527825B1C0BB91B002C97C4 /* Assets.xcassets in Resources */,
				452782591C0BB91B002C97C4 /* Main.storyboard in Resources */,
			);
			runOnlyForDeploymentPostprocessing = 0;
		};
		452782621C0BB91B002C97C4 /* Resources */ = {
			isa = PBXResourcesBuildPhase;
			buildActionMask = 2147483647;
			files = (
			);
			runOnlyForDeploymentPostprocessing = 0;
		};
		4527826D1C0BB91B002C97C4 /* Resources */ = {
			isa = PBXResourcesBuildPhase;
			buildActionMask = 2147483647;
			files = (
			);
			runOnlyForDeploymentPostprocessing = 0;
		};
/* End PBXResourcesBuildPhase section */

/* Begin PBXSourcesBuildPhase section */
		452782471C0BB91B002C97C4 /* Sources */ = {
			isa = PBXSourcesBuildPhase;
			buildActionMask = 2147483647;
			files = (
				452782561C0BB91B002C97C4 /* ViewController.m in Sources */,
				452782531C0BB91B002C97C4 /* AppDelegate.m in Sources */,
				452782501C0BB91B002C97C4 /* main.m in Sources */,
			);
			runOnlyForDeploymentPostprocessing = 0;
		};
		452782601C0BB91B002C97C4 /* Sources */ = {
			isa = PBXSourcesBuildPhase;
			buildActionMask = 2147483647;
			files = (
				452782691C0BB91B002C97C4 /* ShipsTests.m in Sources */,
			);
			runOnlyForDeploymentPostprocessing = 0;
		};
		4527826B1C0BB91B002C97C4 /* Sources */ = {
			isa = PBXSourcesBuildPhase;
			buildActionMask = 2147483647;
			files = (
				452782741C0BB91B002C97C4 /* ShipsUITests.m in Sources */,
			);
			runOnlyForDeploymentPostprocessing = 0;
		};
/* End PBXSourcesBuildPhase section */

/* Begin PBXTargetDependency section */
		452782661C0BB91B002C97C4 /* PBXTargetDependency */ = {
			isa = PBXTargetDependency;
			target = 4527824A1C0BB91B002C97C4 /* Ships */;
			targetProxy = 452782651C0BB91B002C97C4 /* PBXContainerItemProxy */;
		};
		452782711C0BB91B002C97C4 /* PBXTargetDependency */ = {
			isa = PBXTargetDependency;
			target = 4527824A1C0BB91B002C97C4 /* Ships */;
			targetProxy = 452782701C0BB91B002C97C4 /* PBXContainerItemProxy */;
		};
/* End PBXTargetDependency section */

/* Begin PBXVariantGroup section */
		452782571C0BB91B002C97C4 /* Main.storyboard */ = {
			isa = PBXVariantGroup;
			children = (
				452782581C0BB91B002C97C4 /* Base */,
			);
			name = Main.storyboard;
			sourceTree = "<group>";
		};
		4527825C1C0BB91B002C97C4 /* LaunchScreen.storyboard */ = {
			isa = PBXVariantGroup;
			children = (
				4527825D1C0BB91B002C97C4 /* Base */,
			);
			name = LaunchScreen.storyboard;
			sourceTree = "<group>";
		};
/* End PBXVariantGroup section */

/* Begin XCBuildConfiguration section */
		452782761C0BB91B002C97C4 /* Debug */ = {
			isa = XCBuildConfiguration;
			buildSettings = {
				ALWAYS_SEARCH_USER_PATHS = NO;
				CLANG_CXX_LANGUAGE_STANDARD = "gnu++0x";
				CLANG_CXX_LIBRARY = "libc++";
				CLANG_ENABLE_MODULES = YES;
				CLANG_ENABLE_OBJC_ARC = YES;
				CLANG_WARN_BOOL_CONVERSION = YES;
				CLANG_WARN_CONSTANT_CONVERSION = YES;
				CLANG_WARN_DIRECT_OBJC_ISA_USAGE = YES_ERROR;
				CLANG_WARN_EMPTY_BODY = YES;
				CLANG_WARN_ENUM_CONVERSION = YES;
				CLANG_WARN_INT_CONVERSION = YES;
				CLANG_WARN_OBJC_ROOT_CLASS = YES_ERROR;
				CLANG_WARN_UNREACHABLE_CODE = YES;
				CLANG_WARN__DUPLICATE_METHOD_MATCH = YES;
				"CODE_SIGN_IDENTITY[sdk=iphoneos*]" = "iPhone Developer";
				COPY_PHASE_STRIP = NO;
				DEBUG_INFORMATION_FORMAT = dwarf;
				ENABLE_STRICT_OBJC_MSGSEND = YES;
				ENABLE_TESTABILITY = YES;
				GCC_C_LANGUAGE_STANDARD = gnu99;
				GCC_DYNAMIC_NO_PIC = NO;
				GCC_NO_COMMON_BLOCKS = YES;
				GCC_OPTIMIZATION_LEVEL = 0;
				GCC_PREPROCESSOR_DEFINITIONS = (
					"DEBUG=1",
					"$(inherited)",
				);
				GCC_WARN_64_TO_32_BIT_CONVERSION = YES;
				GCC_WARN_ABOUT_RETURN_TYPE = YES_ERROR;
				GCC_WARN_UNDECLARED_SELECTOR = YES;
				GCC_WARN_UNINITIALIZED_AUTOS = YES_AGGRESSIVE;
				GCC_WARN_UNUSED_FUNCTION = YES;
				GCC_WARN_UNUSED_VARIABLE = YES;
				IPHONEOS_DEPLOYMENT_TARGET = 9.1;
				MTL_ENABLE_DEBUG_INFO = YES;
				ONLY_ACTIVE_ARCH = YES;
				SDKROOT = iphoneos;
				TARGETED_DEVICE_FAMILY = "1,2";
			};
			name = Debug;
		};
		452782771C0BB91B002C97C4 /* Release */ = {
			isa = XCBuildConfiguration;
			buildSettings = {
				ALWAYS_SEARCH_USER_PATHS = NO;
				CLANG_CXX_LANGUAGE_STANDARD = "gnu++0x";
				CLANG_CXX_LIBRARY = "libc++";
				CLANG_ENABLE_MODULES = YES;
				CLANG_ENABLE_OBJC_ARC = YES;
				CLANG_WARN_BOOL_CONVERSION = YES;
				CLANG_WARN_CONSTANT_CONVERSION = YES;
				CLANG_WARN_DIRECT_OBJC_ISA_USAGE = YES_ERROR;
				CLANG_WARN_EMPTY_BODY = YES;
				CLANG_WARN_ENUM_CONVERSION = YES;
				CLANG_WARN_INT_CONVERSION = YES;
				CLANG_WARN_OBJC_ROOT_CLASS = YES_ERROR;
				CLANG_WARN_UNREACHABLE_CODE = YES;
				CLANG_WARN__DUPLICATE_METHOD_MATCH = YES;
				"CODE_SIGN_IDENTITY[sdk=iphoneos*]" = "iPhone Developer";
				COPY_PHASE_STRIP = NO;
				DEBUG_INFORMATION_FORMAT = "dwarf-with-dsym";
				ENABLE_NS_ASSERTIONS = NO;
				ENABLE_STRICT_OBJC_MSGSEND = YES;
				GCC_C_LANGUAGE_STANDARD = gnu99;
				GCC_NO_COMMON_BLOCKS = YES;
				GCC_WARN_64_TO_32_BIT_CONVERSION = YES;
				GCC_WARN_ABOUT_RETURN_TYPE = YES_ERROR;
				GCC_WARN_UNDECLARED_SELECTOR = YES;
				GCC_WARN_UNINITIALIZED_AUTOS = YES_AGGRESSIVE;
				GCC_WARN_UNUSED_FUNCTION = YES;
				GCC_WARN_UNUSED_VARIABLE = YES;
				IPHONEOS_DEPLOYMENT_TARGET = 9.1;
				MTL_ENABLE_DEBUG_INFO = NO;
				SDKROOT = iphoneos;
				TARGETED_DEVICE_FAMILY = "1,2";
				VALIDATE_PRODUCT = YES;
			};
			name = Release;
		};
		452782791C0BB91B002C97C4 /* Debug */ = {
			isa = XCBuildConfiguration;
			buildSettings = {
				ASSETCATALOG_COMPILER_APPICON_NAME = AppIcon;
				INFOPLIST_FILE = Ships/Info.plist;
				LD_RUNPATH_SEARCH_PATHS = "$(inherited) @executable_path/Frameworks";
				PRODUCT_BUNDLE_IDENTIFIER = come.chrisrdavid7.Ships;
				PRODUCT_NAME = "$(TARGET_NAME)";
			};
			name = Debug;
		};
		4527827A1C0BB91B002C97C4 /* Release */ = {
			isa = XCBuildConfiguration;
			buildSettings = {
				ASSETCATALOG_COMPILER_APPICON_NAME = AppIcon;
				INFOPLIST_FILE = Ships/Info.plist;
				LD_RUNPATH_SEARCH_PATHS = "$(inherited) @executable_path/Frameworks";
				PRODUCT_BUNDLE_IDENTIFIER = come.chrisrdavid7.Ships;
				PRODUCT_NAME = "$(TARGET_NAME)";
			};
			name = Release;
		};
		4527827C1C0BB91B002C97C4 /* Debug */ = {
			isa = XCBuildConfiguration;
			buildSettings = {
				BUNDLE_LOADER = "$(TEST_HOST)";
				INFOPLIST_FILE = ShipsTests/Info.plist;
				LD_RUNPATH_SEARCH_PATHS = "$(inherited) @executable_path/Frameworks @loader_path/Frameworks";
				PRODUCT_BUNDLE_IDENTIFIER = come.chrisrdavid7.ShipsTests;
				PRODUCT_NAME = "$(TARGET_NAME)";
				TEST_HOST = "$(BUILT_PRODUCTS_DIR)/Ships.app/Ships";
			};
			name = Debug;
		};
		4527827D1C0BB91B002C97C4 /* Release */ = {
			isa = XCBuildConfiguration;
			buildSettings = {
				BUNDLE_LOADER = "$(TEST_HOST)";
				INFOPLIST_FILE = ShipsTests/Info.plist;
				LD_RUNPATH_SEARCH_PATHS = "$(inherited) @executable_path/Frameworks @loader_path/Frameworks";
				PRODUCT_BUNDLE_IDENTIFIER = come.chrisrdavid7.ShipsTests;
				PRODUCT_NAME = "$(TARGET_NAME)";
				TEST_HOST = "$(BUILT_PRODUCTS_DIR)/Ships.app/Ships";
			};
			name = Release;
		};
		4527827F1C0BB91B002C97C4 /* Debug */ = {
			isa = XCBuildConfiguration;
			buildSettings = {
				INFOPLIST_FILE = ShipsUITests/Info.plist;
				LD_RUNPATH_SEARCH_PATHS = "$(inherited) @executable_path/Frameworks @loader_path/Frameworks";
				PRODUCT_BUNDLE_IDENTIFIER = come.chrisrdavid7.ShipsUITests;
				PRODUCT_NAME = "$(TARGET_NAME)";
				TEST_TARGET_NAME = Ships;
				USES_XCTRUNNER = YES;
			};
			name = Debug;
		};
		452782801C0BB91B002C97C4 /* Release */ = {
			isa = XCBuildConfiguration;
			buildSettings = {
				INFOPLIST_FILE = ShipsUITests/Info.plist;
				LD_RUNPATH_SEARCH_PATHS = "$(inherited) @executable_path/Frameworks @loader_path/Frameworks";
				PRODUCT_BUNDLE_IDENTIFIER = come.chrisrdavid7.ShipsUITests;
				PRODUCT_NAME = "$(TARGET_NAME)";
				TEST_TARGET_NAME = Ships;
				USES_XCTRUNNER = YES;
			};
			name = Release;
		};
/* End XCBuildConfiguration section */

/* Begin XCConfigurationList section */
		452782461C0BB91A002C97C4 /* Build configuration list for PBXProject "Ships" */ = {
			isa = XCConfigurationList;
			buildConfigurations = (
				452782761C0BB91B002C97C4 /* Debug */,
				452782771C0BB91B002C97C4 /* Release */,
			);
			defaultConfigurationIsVisible = 0;
			defaultConfigurationName = Release;
		};
		452782781C0BB91B002C97C4 /* Build configuration list for PBXNativeTarget "Ships" */ = {
			isa = XCConfigurationList;
			buildConfigurations = (
				452782791C0BB91B002C97C4 /* Debug */,
				4527827A1C0BB91B002C97C4 /* Release */,
			);
			defaultConfigurationIsVisible = 0;
		};
		4527827B1C0BB91B002C97C4 /* Build configuration list for PBXNativeTarget "ShipsTests" */ = {
			isa = XCConfigurationList;
			buildConfigurations = (
				4527827C1C0BB91B002C97C4 /* Debug */,
				4527827D1C0BB91B002C97C4 /* Release */,
			);
			defaultConfigurationIsVisible = 0;
		};
		4527827E1C0BB91B002C97C4 /* Build configuration list for PBXNativeTarget "ShipsUITests" */ = {
			isa = XCConfigurationList;
			buildConfigurations = (
				4527827F1C0BB91B002C97C4 /* Debug */,
				452782801C0BB91B002C97C4 /* Release */,
			);
			defaultConfigurationIsVisible = 0;
		};
/* End XCConfigurationList section */
	};
	rootObject = 452782431C0BB91A002C97C4 /* Project object */;
}
